
Microsoft Visual Studio Solution File, Format Version 12.00
# Visual Studio Version 17
VisualStudioVersion = 17.7.34202.233
MinimumVisualStudioVersion = 10.0.40219.1
Project("{FAE04EC0-301F-11D3-BF4B-00C04F79EFBC}") = "pacman", "pacman\pacman.csproj", "{60737C95-C1BE-44D2-9AFE-E3831925569B}"
EndProject
Global
	GlobalSection(SolutionConfigurationPlatforms) = preSolution
		Debug|Any CPU = Debug|Any CPU
		Release|Any CPU = Release|Any CPU
	EndGlobalSection
	GlobalSection(ProjectConfigurationPlatforms) = postSolution
		{60737C95-C1BE-44D2-9AFE-E3831925569B}.Debug|Any CPU.ActiveCfg = Debug|Any CPU
		{60737C95-C1BE-44D2-9AFE-E3831925569B}.Debug|Any CPU.Build.0 = Debug|Any CPU
		{60737C95-C1BE-44D2-9AFE-E3831925569B}.Release|Any CPU.ActiveCfg = Release|Any CPU
		{60737C95-C1BE-44D2-9AFE-E3831925569B}.Release|Any CPU.Build.0 = Release|Any CPU
	EndGlobalSection
	GlobalSection(SolutionProperties) = preSolution
		HideSolutionNode = FALSE
	EndGlobalSection
	GlobalSection(ExtensibilityGlobals) = postSolution
		SolutionGuid = {C2489298-7286-4213-B7C5-4C261ECE4DBA}
	EndGlobalSection
EndGlobal
